
Microsoft Visual Studio Solution File, Format Version 12.00
# Visual Studio Version 17
VisualStudioVersion = 17.0.31903.59
MinimumVisualStudioVersion = 10.0.40219.1
Project("{2150E333-8FDC-42A3-9474-1A3956D46DE8}") = "src", "src", "{827E0CD3-B72D-47B6-A68D-7590B98EB39B}"
EndProject
Project("{2150E333-8FDC-42A3-9474-1A3956D46DE8}") = "BuildingBlocks", "BuildingBlocks", "{90298CBA-BD6F-3A0A-69D5-97CAD7B05E7E}"
EndProject
Project("{FAE04EC0-301F-11D3-BF4B-00C04F79EFBC}") = "BuildingBlocks.Application", "src\BuildingBlocks\BuildingBlocks.Application\BuildingBlocks.Application.csproj", "{BD41EAD0-19A3-4FAC-9953-F879E425C37D}"
EndProject
Project("{FAE04EC0-301F-11D3-BF4B-00C04F79EFBC}") = "BuildingBlocks.Infrastructure", "src\BuildingBlocks\BuildingBlocks.Infrastructure\BuildingBlocks.Infrastructure.csproj", "{DDCE6DBF-E166-46A3-B052-FE12F618B9F0}"
EndProject
Project("{FAE04EC0-301F-11D3-BF4B-00C04F79EFBC}") = "BuildingBlocks.Domain", "src\BuildingBlocks\BuildingBlocks.Domain\BuildingBlocks.Domain.csproj", "{609A66DE-00BD-4471-B4F0-A60614F7BB26}"
EndProject
Project("{FAE04EC0-301F-11D3-BF4B-00C04F79EFBC}") = "BuildingBlocks.Api", "src\BuildingBlocks\BuildingBlocks.Api\BuildingBlocks.Api.csproj", "{40123308-F501-4509-B28F-BF6197417B11}"
EndProject
Project("{FAE04EC0-301F-11D3-BF4B-00C04F79EFBC}") = "BuildingBlocks.Contracts", "src\BuildingBlocks\BuildingBlocks.Contracts\BuildingBlocks.Contracts.csproj", "{6B66D2B6-C765-459E-AA32-1D78F0D20858}"
EndProject
Project("{2150E333-8FDC-42A3-9474-1A3956D46DE8}") = "Services", "Services", "{984BB9B3-3FA3-BE33-9484-CAC21695A33C}"
EndProject
Project("{2150E333-8FDC-42A3-9474-1A3956D46DE8}") = "OrderService", "OrderService", "{F5625D22-DF6D-6E20-0384-6B2F7CAD8697}"
EndProject
Project("{FAE04EC0-301F-11D3-BF4B-00C04F79EFBC}") = "Order.Domain", "src\Services\OrderService\Order.Domain\Order.Domain.csproj", "{727D0663-1F35-4DCA-B15A-5B078E1C654F}"
EndProject
Project("{FAE04EC0-301F-11D3-BF4B-00C04F79EFBC}") = "Order.Api", "src\Services\OrderService\Order.Api\Order.Api.csproj", "{82ECFA5D-148B-4E8D-B8A0-8665B3723543}"
EndProject
Project("{FAE04EC0-301F-11D3-BF4B-00C04F79EFBC}") = "Order.Controllers", "src\Services\OrderService\Order.Controllers\Order.Controllers.csproj", "{0CFDF7AC-AB00-4337-B9D5-26F90234F6A2}"
EndProject
Project("{FAE04EC0-301F-11D3-BF4B-00C04F79EFBC}") = "Order.Application", "src\Services\OrderService\Order.Application\Order.Application.csproj", "{BA508C09-691E-4566-A693-52BC64DA909E}"
EndProject
Project("{FAE04EC0-301F-11D3-BF4B-00C04F79EFBC}") = "BuildingBlocks.Observability", "src\BuildingBlocks\BuildingBlocks.Observability\BuildingBlocks.Observability.csproj", "{CCC9D8BA-DD1E-4BE7-86D8-BDA3AF4AB7CC}"
EndProject
Project("{FAE04EC0-301F-11D3-BF4B-00C04F79EFBC}") = "BuildingBlocks.Persistence", "src\BuildingBlocks\BuildingBlocks.Persistence\BuildingBlocks.Persistence.csproj", "{C97E4DAC-14CB-4105-9415-EDD0621ECC4F}"
EndProject
Project("{2150E333-8FDC-42A3-9474-1A3956D46DE8}") = "Contracts", "Contracts", "{02EA681E-C7D8-13C7-8484-4AC65E1B71E8}"
EndProject
Project("{FAE04EC0-301F-11D3-BF4B-00C04F79EFBC}") = "Inventory.Contracts", "src\Contracts\Inventory.Contracts\Inventory.Contracts.csproj", "{D1599F5E-11AC-4921-98E1-3D35EF554075}"
EndProject
Project("{FAE04EC0-301F-11D3-BF4B-00C04F79EFBC}") = "Order.Contracts", "src\Contracts\Order.Contracts\Order.Contracts.csproj", "{0EB31C34-504F-4CE9-AA7C-DBCCFEB386DD}"
EndProject
Project("{FAE04EC0-301F-11D3-BF4B-00C04F79EFBC}") = "Payment.Contracts", "src\Contracts\Payment.Contracts\Payment.Contracts.csproj", "{05A97812-FA94-4E89-BF74-830D8A9B3780}"
EndProject
Project("{FAE04EC0-301F-11D3-BF4B-00C04F79EFBC}") = "Notification.Contracts", "src\Contracts\Notification.Contracts\Notification.Contracts.csproj", "{AFFDE779-871C-4BB8-B258-2F9D5EA45F3E}"
EndProject
Project("{FAE04EC0-301F-11D3-BF4B-00C04F79EFBC}") = "Order.Infrastructure", "src\Services\OrderService\Order.Infrastructure\Order.Infrastructure.csproj", "{4F66FB6C-3D8A-4B8B-B411-44DD45FCB113}"
EndProject
Project("{2150E333-8FDC-42A3-9474-1A3956D46DE8}") = "InventoryService", "InventoryService", "{40E05878-05CF-43DA-9018-5A663A9D1217}"
EndProject
Project("{2150E333-8FDC-42A3-9474-1A3956D46DE8}") = "PaymentService", "PaymentService", "{351625FD-4AA7-462C-9898-35E7B0D4F3AC}"
EndProject
Project("{2150E333-8FDC-42A3-9474-1A3956D46DE8}") = "NotificationService", "NotificationService", "{CA13FCDD-C860-4AB1-BF80-DA7DF19A4957}"
EndProject
Project("{2150E333-8FDC-42A3-9474-1A3956D46DE8}") = "Gateway", "Gateway", "{FAC4A6F9-6D84-4304-AF24-E9E36CBFA45F}"
EndProject
Project("{2150E333-8FDC-42A3-9474-1A3956D46DE8}") = "Tests", "Tests", "{5B1B4CF3-00F0-4F37-89AB-322059BF706D}"
EndProject
Project("{2150E333-8FDC-42A3-9474-1A3956D46DE8}") = "YARP", "YARP", "{7C0C137F-EB49-4E24-B6E3-583DD977B03E}"
EndProject
Project("{2150E333-8FDC-42A3-9474-1A3956D46DE8}") = "Ocelot", "Ocelot", "{A9556C66-9378-4B0B-AD4B-38E158E619D9}"
EndProject
Project("{2150E333-8FDC-42A3-9474-1A3956D46DE8}") = "Rate Limiting", "Rate Limiting", "{8B3088F2-2357-40E6-9903-FB7E8A2A0135}"
EndProject
Project("{2150E333-8FDC-42A3-9474-1A3956D46DE8}") = "Authentication", "Authentication", "{BE0ABACC-2546-4260-955A-EA717585C80A}"
EndProject
Global
	GlobalSection(SolutionConfigurationPlatforms) = preSolution
		Debug|Any CPU = Debug|Any CPU
		Debug|x64 = Debug|x64
		Debug|x86 = Debug|x86
		Release|Any CPU = Release|Any CPU
		Release|x64 = Release|x64
		Release|x86 = Release|x86
	EndGlobalSection
	GlobalSection(ProjectConfigurationPlatforms) = postSolution
		{BD41EAD0-19A3-4FAC-9953-F879E425C37D}.Debug|Any CPU.ActiveCfg = Debug|Any CPU
		{BD41EAD0-19A3-4FAC-9953-F879E425C37D}.Debug|Any CPU.Build.0 = Debug|Any CPU
		{BD41EAD0-19A3-4FAC-9953-F879E425C37D}.Debug|x64.ActiveCfg = Debug|Any CPU
		{BD41EAD0-19A3-4FAC-9953-F879E425C37D}.Debug|x64.Build.0 = Debug|Any CPU
		{BD41EAD0-19A3-4FAC-9953-F879E425C37D}.Debug|x86.ActiveCfg = Debug|Any CPU
		{BD41EAD0-19A3-4FAC-9953-F879E425C37D}.Debug|x86.Build.0 = Debug|Any CPU
		{BD41EAD0-19A3-4FAC-9953-F879E425C37D}.Release|Any CPU.ActiveCfg = Release|Any CPU
		{BD41EAD0-19A3-4FAC-9953-F879E425C37D}.Release|Any CPU.Build.0 = Release|Any CPU
		{BD41EAD0-19A3-4FAC-9953-F879E425C37D}.Release|x64.ActiveCfg = Release|Any CPU
		{BD41EAD0-19A3-4FAC-9953-F879E425C37D}.Release|x64.Build.0 = Release|Any CPU
		{BD41EAD0-19A3-4FAC-9953-F879E425C37D}.Release|x86.ActiveCfg = Release|Any CPU
		{BD41EAD0-19A3-4FAC-9953-F879E425C37D}.Release|x86.Build.0 = Release|Any CPU
		{DDCE6DBF-E166-46A3-B052-FE12F618B9F0}.Debug|Any CPU.ActiveCfg = Debug|Any CPU
		{DDCE6DBF-E166-46A3-B052-FE12F618B9F0}.Debug|Any CPU.Build.0 = Debug|Any CPU
		{DDCE6DBF-E166-46A3-B052-FE12F618B9F0}.Debug|x64.ActiveCfg = Debug|Any CPU
		{DDCE6DBF-E166-46A3-B052-FE12F618B9F0}.Debug|x64.Build.0 = Debug|Any CPU
		{DDCE6DBF-E166-46A3-B052-FE12F618B9F0}.Debug|x86.ActiveCfg = Debug|Any CPU
		{DDCE6DBF-E166-46A3-B052-FE12F618B9F0}.Debug|x86.Build.0 = Debug|Any CPU
		{DDCE6DBF-E166-46A3-B052-FE12F618B9F0}.Release|Any CPU.ActiveCfg = Release|Any CPU
		{DDCE6DBF-E166-46A3-B052-FE12F618B9F0}.Release|Any CPU.Build.0 = Release|Any CPU
		{DDCE6DBF-E166-46A3-B052-FE12F618B9F0}.Release|x64.ActiveCfg = Release|Any CPU
		{DDCE6DBF-E166-46A3-B052-FE12F618B9F0}.Release|x64.Build.0 = Release|Any CPU
		{DDCE6DBF-E166-46A3-B052-FE12F618B9F0}.Release|x86.ActiveCfg = Release|Any CPU
		{DDCE6DBF-E166-46A3-B052-FE12F618B9F0}.Release|x86.Build.0 = Release|Any CPU
		{609A66DE-00BD-4471-B4F0-A60614F7BB26}.Debug|Any CPU.ActiveCfg = Debug|Any CPU
		{609A66DE-00BD-4471-B4F0-A60614F7BB26}.Debug|Any CPU.Build.0 = Debug|Any CPU
		{609A66DE-00BD-4471-B4F0-A60614F7BB26}.Debug|x64.ActiveCfg = Debug|Any CPU
		{609A66DE-00BD-4471-B4F0-A60614F7BB26}.Debug|x64.Build.0 = Debug|Any CPU
		{609A66DE-00BD-4471-B4F0-A60614F7BB26}.Debug|x86.ActiveCfg = Debug|Any CPU
		{609A66DE-00BD-4471-B4F0-A60614F7BB26}.Debug|x86.Build.0 = Debug|Any CPU
		{609A66DE-00BD-4471-B4F0-A60614F7BB26}.Release|Any CPU.ActiveCfg = Release|Any CPU
		{609A66DE-00BD-4471-B4F0-A60614F7BB26}.Release|Any CPU.Build.0 = Release|Any CPU
		{609A66DE-00BD-4471-B4F0-A60614F7BB26}.Release|x64.ActiveCfg = Release|Any CPU
		{609A66DE-00BD-4471-B4F0-A60614F7BB26}.Release|x64.Build.0 = Release|Any CPU
		{609A66DE-00BD-4471-B4F0-A60614F7BB26}.Release|x86.ActiveCfg = Release|Any CPU
		{609A66DE-00BD-4471-B4F0-A60614F7BB26}.Release|x86.Build.0 = Release|Any CPU
		{40123308-F501-4509-B28F-BF6197417B11}.Debug|Any CPU.ActiveCfg = Debug|Any CPU
		{40123308-F501-4509-B28F-BF6197417B11}.Debug|Any CPU.Build.0 = Debug|Any CPU
		{40123308-F501-4509-B28F-BF6197417B11}.Debug|x64.ActiveCfg = Debug|Any CPU
		{40123308-F501-4509-B28F-BF6197417B11}.Debug|x64.Build.0 = Debug|Any CPU
		{40123308-F501-4509-B28F-BF6197417B11}.Debug|x86.ActiveCfg = Debug|Any CPU
		{40123308-F501-4509-B28F-BF6197417B11}.Debug|x86.Build.0 = Debug|Any CPU
		{40123308-F501-4509-B28F-BF6197417B11}.Release|Any CPU.ActiveCfg = Release|Any CPU
		{40123308-F501-4509-B28F-BF6197417B11}.Release|Any CPU.Build.0 = Release|Any CPU
		{40123308-F501-4509-B28F-BF6197417B11}.Release|x64.ActiveCfg = Release|Any CPU
		{40123308-F501-4509-B28F-BF6197417B11}.Release|x64.Build.0 = Release|Any CPU
		{40123308-F501-4509-B28F-BF6197417B11}.Release|x86.ActiveCfg = Release|Any CPU
		{40123308-F501-4509-B28F-BF6197417B11}.Release|x86.Build.0 = Release|Any CPU
		{6B66D2B6-C765-459E-AA32-1D78F0D20858}.Debug|Any CPU.ActiveCfg = Debug|Any CPU
		{6B66D2B6-C765-459E-AA32-1D78F0D20858}.Debug|Any CPU.Build.0 = Debug|Any CPU
		{6B66D2B6-C765-459E-AA32-1D78F0D20858}.Debug|x64.ActiveCfg = Debug|Any CPU
		{6B66D2B6-C765-459E-AA32-1D78F0D20858}.Debug|x64.Build.0 = Debug|Any CPU
		{6B66D2B6-C765-459E-AA32-1D78F0D20858}.Debug|x86.ActiveCfg = Debug|Any CPU
		{6B66D2B6-C765-459E-AA32-1D78F0D20858}.Debug|x86.Build.0 = Debug|Any CPU
		{6B66D2B6-C765-459E-AA32-1D78F0D20858}.Release|Any CPU.ActiveCfg = Release|Any CPU
		{6B66D2B6-C765-459E-AA32-1D78F0D20858}.Release|Any CPU.Build.0 = Release|Any CPU
		{6B66D2B6-C765-459E-AA32-1D78F0D20858}.Release|x64.ActiveCfg = Release|Any CPU
		{6B66D2B6-C765-459E-AA32-1D78F0D20858}.Release|x64.Build.0 = Release|Any CPU
		{6B66D2B6-C765-459E-AA32-1D78F0D20858}.Release|x86.ActiveCfg = Release|Any CPU
		{6B66D2B6-C765-459E-AA32-1D78F0D20858}.Release|x86.Build.0 = Release|Any CPU
		{727D0663-1F35-4DCA-B15A-5B078E1C654F}.Debug|Any CPU.ActiveCfg = Debug|Any CPU
		{727D0663-1F35-4DCA-B15A-5B078E1C654F}.Debug|Any CPU.Build.0 = Debug|Any CPU
		{727D0663-1F35-4DCA-B15A-5B078E1C654F}.Debug|x64.ActiveCfg = Debug|Any CPU
		{727D0663-1F35-4DCA-B15A-5B078E1C654F}.Debug|x64.Build.0 = Debug|Any CPU
		{727D0663-1F35-4DCA-B15A-5B078E1C654F}.Debug|x86.ActiveCfg = Debug|Any CPU
		{727D0663-1F35-4DCA-B15A-5B078E1C654F}.Debug|x86.Build.0 = Debug|Any CPU
		{727D0663-1F35-4DCA-B15A-5B078E1C654F}.Release|Any CPU.ActiveCfg = Release|Any CPU
		{727D0663-1F35-4DCA-B15A-5B078E1C654F}.Release|Any CPU.Build.0 = Release|Any CPU
		{727D0663-1F35-4DCA-B15A-5B078E1C654F}.Release|x64.ActiveCfg = Release|Any CPU
		{727D0663-1F35-4DCA-B15A-5B078E1C654F}.Release|x64.Build.0 = Release|Any CPU
		{727D0663-1F35-4DCA-B15A-5B078E1C654F}.Release|x86.ActiveCfg = Release|Any CPU
		{727D0663-1F35-4DCA-B15A-5B078E1C654F}.Release|x86.Build.0 = Release|Any CPU
		{82ECFA5D-148B-4E8D-B8A0-8665B3723543}.Debug|Any CPU.ActiveCfg = Debug|Any CPU
		{82ECFA5D-148B-4E8D-B8A0-8665B3723543}.Debug|Any CPU.Build.0 = Debug|Any CPU
		{82ECFA5D-148B-4E8D-B8A0-8665B3723543}.Debug|x64.ActiveCfg = Debug|Any CPU
		{82ECFA5D-148B-4E8D-B8A0-8665B3723543}.Debug|x64.Build.0 = Debug|Any CPU
		{82ECFA5D-148B-4E8D-B8A0-8665B3723543}.Debug|x86.ActiveCfg = Debug|Any CPU
		{82ECFA5D-148B-4E8D-B8A0-8665B3723543}.Debug|x86.Build.0 = Debug|Any CPU
		{82ECFA5D-148B-4E8D-B8A0-8665B3723543}.Release|Any CPU.ActiveCfg = Release|Any CPU
		{82ECFA5D-148B-4E8D-B8A0-8665B3723543}.Release|Any CPU.Build.0 = Release|Any CPU
		{82ECFA5D-148B-4E8D-B8A0-8665B3723543}.Release|x64.ActiveCfg = Release|Any CPU
		{82ECFA5D-148B-4E8D-B8A0-8665B3723543}.Release|x64.Build.0 = Release|Any CPU
		{82ECFA5D-148B-4E8D-B8A0-8665B3723543}.Release|x86.ActiveCfg = Release|Any CPU
		{82ECFA5D-148B-4E8D-B8A0-8665B3723543}.Release|x86.Build.0 = Release|Any CPU
		{0CFDF7AC-AB00-4337-B9D5-26F90234F6A2}.Debug|Any CPU.ActiveCfg = Debug|Any CPU
		{0CFDF7AC-AB00-4337-B9D5-26F90234F6A2}.Debug|Any CPU.Build.0 = Debug|Any CPU
		{0CFDF7AC-AB00-4337-B9D5-26F90234F6A2}.Debug|x64.ActiveCfg = Debug|Any CPU
		{0CFDF7AC-AB00-4337-B9D5-26F90234F6A2}.Debug|x64.Build.0 = Debug|Any CPU
		{0CFDF7AC-AB00-4337-B9D5-26F90234F6A2}.Debug|x86.ActiveCfg = Debug|Any CPU
		{0CFDF7AC-AB00-4337-B9D5-26F90234F6A2}.Debug|x86.Build.0 = Debug|Any CPU
		{0CFDF7AC-AB00-4337-B9D5-26F90234F6A2}.Release|Any CPU.ActiveCfg = Release|Any CPU
		{0CFDF7AC-AB00-4337-B9D5-26F90234F6A2}.Release|Any CPU.Build.0 = Release|Any CPU
		{0CFDF7AC-AB00-4337-B9D5-26F90234F6A2}.Release|x64.ActiveCfg = Release|Any CPU
		{0CFDF7AC-AB00-4337-B9D5-26F90234F6A2}.Release|x64.Build.0 = Release|Any CPU
		{0CFDF7AC-AB00-4337-B9D5-26F90234F6A2}.Release|x86.ActiveCfg = Release|Any CPU
		{0CFDF7AC-AB00-4337-B9D5-26F90234F6A2}.Release|x86.Build.0 = Release|Any CPU
		{BA508C09-691E-4566-A693-52BC64DA909E}.Debug|Any CPU.ActiveCfg = Debug|Any CPU
		{BA508C09-691E-4566-A693-52BC64DA909E}.Debug|Any CPU.Build.0 = Debug|Any CPU
		{BA508C09-691E-4566-A693-52BC64DA909E}.Debug|x64.ActiveCfg = Debug|Any CPU
		{BA508C09-691E-4566-A693-52BC64DA909E}.Debug|x64.Build.0 = Debug|Any CPU
		{BA508C09-691E-4566-A693-52BC64DA909E}.Debug|x86.ActiveCfg = Debug|Any CPU
		{BA508C09-691E-4566-A693-52BC64DA909E}.Debug|x86.Build.0 = Debug|Any CPU
		{BA508C09-691E-4566-A693-52BC64DA909E}.Release|Any CPU.ActiveCfg = Release|Any CPU
		{BA508C09-691E-4566-A693-52BC64DA909E}.Release|Any CPU.Build.0 = Release|Any CPU
		{BA508C09-691E-4566-A693-52BC64DA909E}.Release|x64.ActiveCfg = Release|Any CPU
		{BA508C09-691E-4566-A693-52BC64DA909E}.Release|x64.Build.0 = Release|Any CPU
		{BA508C09-691E-4566-A693-52BC64DA909E}.Release|x86.ActiveCfg = Release|Any CPU
		{BA508C09-691E-4566-A693-52BC64DA909E}.Release|x86.Build.0 = Release|Any CPU
		{CCC9D8BA-DD1E-4BE7-86D8-BDA3AF4AB7CC}.Debug|Any CPU.ActiveCfg = Debug|Any CPU
		{CCC9D8BA-DD1E-4BE7-86D8-BDA3AF4AB7CC}.Debug|Any CPU.Build.0 = Debug|Any CPU
		{CCC9D8BA-DD1E-4BE7-86D8-BDA3AF4AB7CC}.Debug|x64.ActiveCfg = Debug|Any CPU
		{CCC9D8BA-DD1E-4BE7-86D8-BDA3AF4AB7CC}.Debug|x64.Build.0 = Debug|Any CPU
		{CCC9D8BA-DD1E-4BE7-86D8-BDA3AF4AB7CC}.Debug|x86.ActiveCfg = Debug|Any CPU
		{CCC9D8BA-DD1E-4BE7-86D8-BDA3AF4AB7CC}.Debug|x86.Build.0 = Debug|Any CPU
		{CCC9D8BA-DD1E-4BE7-86D8-BDA3AF4AB7CC}.Release|Any CPU.ActiveCfg = Release|Any CPU
		{CCC9D8BA-DD1E-4BE7-86D8-BDA3AF4AB7CC}.Release|Any CPU.Build.0 = Release|Any CPU
		{CCC9D8BA-DD1E-4BE7-86D8-BDA3AF4AB7CC}.Release|x64.ActiveCfg = Release|Any CPU
		{CCC9D8BA-DD1E-4BE7-86D8-BDA3AF4AB7CC}.Release|x64.Build.0 = Release|Any CPU
		{CCC9D8BA-DD1E-4BE7-86D8-BDA3AF4AB7CC}.Release|x86.ActiveCfg = Release|Any CPU
		{CCC9D8BA-DD1E-4BE7-86D8-BDA3AF4AB7CC}.Release|x86.Build.0 = Release|Any CPU
		{C97E4DAC-14CB-4105-9415-EDD0621ECC4F}.Debug|Any CPU.ActiveCfg = Debug|Any CPU
		{C97E4DAC-14CB-4105-9415-EDD0621ECC4F}.Debug|Any CPU.Build.0 = Debug|Any CPU
		{C97E4DAC-14CB-4105-9415-EDD0621ECC4F}.Debug|x64.ActiveCfg = Debug|Any CPU
		{C97E4DAC-14CB-4105-9415-EDD0621ECC4F}.Debug|x64.Build.0 = Debug|Any CPU
		{C97E4DAC-14CB-4105-9415-EDD0621ECC4F}.Debug|x86.ActiveCfg = Debug|Any CPU
		{C97E4DAC-14CB-4105-9415-EDD0621ECC4F}.Debug|x86.Build.0 = Debug|Any CPU
		{C97E4DAC-14CB-4105-9415-EDD0621ECC4F}.Release|Any CPU.ActiveCfg = Release|Any CPU
		{C97E4DAC-14CB-4105-9415-EDD0621ECC4F}.Release|Any CPU.Build.0 = Release|Any CPU
		{C97E4DAC-14CB-4105-9415-EDD0621ECC4F}.Release|x64.ActiveCfg = Release|Any CPU
		{C97E4DAC-14CB-4105-9415-EDD0621ECC4F}.Release|x64.Build.0 = Release|Any CPU
		{C97E4DAC-14CB-4105-9415-EDD0621ECC4F}.Release|x86.ActiveCfg = Release|Any CPU
		{C97E4DAC-14CB-4105-9415-EDD0621ECC4F}.Release|x86.Build.0 = Release|Any CPU
		{D1599F5E-11AC-4921-98E1-3D35EF554075}.Debug|Any CPU.ActiveCfg = Debug|Any CPU
		{D1599F5E-11AC-4921-98E1-3D35EF554075}.Debug|Any CPU.Build.0 = Debug|Any CPU
		{D1599F5E-11AC-4921-98E1-3D35EF554075}.Debug|x64.ActiveCfg = Debug|Any CPU
		{D1599F5E-11AC-4921-98E1-3D35EF554075}.Debug|x64.Build.0 = Debug|Any CPU
		{D1599F5E-11AC-4921-98E1-3D35EF554075}.Debug|x86.ActiveCfg = Debug|Any CPU
		{D1599F5E-11AC-4921-98E1-3D35EF554075}.Debug|x86.Build.0 = Debug|Any CPU
		{D1599F5E-11AC-4921-98E1-3D35EF554075}.Release|Any CPU.ActiveCfg = Release|Any CPU
		{D1599F5E-11AC-4921-98E1-3D35EF554075}.Release|Any CPU.Build.0 = Release|Any CPU
		{D1599F5E-11AC-4921-98E1-3D35EF554075}.Release|x64.ActiveCfg = Release|Any CPU
		{D1599F5E-11AC-4921-98E1-3D35EF554075}.Release|x64.Build.0 = Release|Any CPU
		{D1599F5E-11AC-4921-98E1-3D35EF554075}.Release|x86.ActiveCfg = Release|Any CPU
		{D1599F5E-11AC-4921-98E1-3D35EF554075}.Release|x86.Build.0 = Release|Any CPU
		{0EB31C34-504F-4CE9-AA7C-DBCCFEB386DD}.Debug|Any CPU.ActiveCfg = Debug|Any CPU
		{0EB31C34-504F-4CE9-AA7C-DBCCFEB386DD}.Debug|Any CPU.Build.0 = Debug|Any CPU
		{0EB31C34-504F-4CE9-AA7C-DBCCFEB386DD}.Debug|x64.ActiveCfg = Debug|Any CPU
		{0EB31C34-504F-4CE9-AA7C-DBCCFEB386DD}.Debug|x64.Build.0 = Debug|Any CPU
		{0EB31C34-504F-4CE9-AA7C-DBCCFEB386DD}.Debug|x86.ActiveCfg = Debug|Any CPU
		{0EB31C34-504F-4CE9-AA7C-DBCCFEB386DD}.Debug|x86.Build.0 = Debug|Any CPU
		{0EB31C34-504F-4CE9-AA7C-DBCCFEB386DD}.Release|Any CPU.ActiveCfg = Release|Any CPU
		{0EB31C34-504F-4CE9-AA7C-DBCCFEB386DD}.Release|Any CPU.Build.0 = Release|Any CPU
		{0EB31C34-504F-4CE9-AA7C-DBCCFEB386DD}.Release|x64.ActiveCfg = Release|Any CPU
		{0EB31C34-504F-4CE9-AA7C-DBCCFEB386DD}.Release|x64.Build.0 = Release|Any CPU
		{0EB31C34-504F-4CE9-AA7C-DBCCFEB386DD}.Release|x86.ActiveCfg = Release|Any CPU
		{0EB31C34-504F-4CE9-AA7C-DBCCFEB386DD}.Release|x86.Build.0 = Release|Any CPU
		{05A97812-FA94-4E89-BF74-830D8A9B3780}.Debug|Any CPU.ActiveCfg = Debug|Any CPU
		{05A97812-FA94-4E89-BF74-830D8A9B3780}.Debug|Any CPU.Build.0 = Debug|Any CPU
		{05A97812-FA94-4E89-BF74-830D8A9B3780}.Debug|x64.ActiveCfg = Debug|Any CPU
		{05A97812-FA94-4E89-BF74-830D8A9B3780}.Debug|x64.Build.0 = Debug|Any CPU
		{05A97812-FA94-4E89-BF74-830D8A9B3780}.Debug|x86.ActiveCfg = Debug|Any CPU
		{05A97812-FA94-4E89-BF74-830D8A9B3780}.Debug|x86.Build.0 = Debug|Any CPU
		{05A97812-FA94-4E89-BF74-830D8A9B3780}.Release|Any CPU.ActiveCfg = Release|Any CPU
		{05A97812-FA94-4E89-BF74-830D8A9B3780}.Release|Any CPU.Build.0 = Release|Any CPU
		{05A97812-FA94-4E89-BF74-830D8A9B3780}.Release|x64.ActiveCfg = Release|Any CPU
		{05A97812-FA94-4E89-BF74-830D8A9B3780}.Release|x64.Build.0 = Release|Any CPU
		{05A97812-FA94-4E89-BF74-830D8A9B3780}.Release|x86.ActiveCfg = Release|Any CPU
		{05A97812-FA94-4E89-BF74-830D8A9B3780}.Release|x86.Build.0 = Release|Any CPU
		{AFFDE779-871C-4BB8-B258-2F9D5EA45F3E}.Debug|Any CPU.ActiveCfg = Debug|Any CPU
		{AFFDE779-871C-4BB8-B258-2F9D5EA45F3E}.Debug|Any CPU.Build.0 = Debug|Any CPU
		{AFFDE779-871C-4BB8-B258-2F9D5EA45F3E}.Debug|x64.ActiveCfg = Debug|Any CPU
		{AFFDE779-871C-4BB8-B258-2F9D5EA45F3E}.Debug|x64.Build.0 = Debug|Any CPU
		{AFFDE779-871C-4BB8-B258-2F9D5EA45F3E}.Debug|x86.ActiveCfg = Debug|Any CPU
		{AFFDE779-871C-4BB8-B258-2F9D5EA45F3E}.Debug|x86.Build.0 = Debug|Any CPU
		{AFFDE779-871C-4BB8-B258-2F9D5EA45F3E}.Release|Any CPU.ActiveCfg = Release|Any CPU
		{AFFDE779-871C-4BB8-B258-2F9D5EA45F3E}.Release|Any CPU.Build.0 = Release|Any CPU
		{AFFDE779-871C-4BB8-B258-2F9D5EA45F3E}.Release|x64.ActiveCfg = Release|Any CPU
		{AFFDE779-871C-4BB8-B258-2F9D5EA45F3E}.Release|x64.Build.0 = Release|Any CPU
		{AFFDE779-871C-4BB8-B258-2F9D5EA45F3E}.Release|x86.ActiveCfg = Release|Any CPU
		{AFFDE779-871C-4BB8-B258-2F9D5EA45F3E}.Release|x86.Build.0 = Release|Any CPU
		{4F66FB6C-3D8A-4B8B-B411-44DD45FCB113}.Debug|Any CPU.ActiveCfg = Debug|Any CPU
		{4F66FB6C-3D8A-4B8B-B411-44DD45FCB113}.Debug|Any CPU.Build.0 = Debug|Any CPU
		{4F66FB6C-3D8A-4B8B-B411-44DD45FCB113}.Debug|x64.ActiveCfg = Debug|Any CPU
		{4F66FB6C-3D8A-4B8B-B411-44DD45FCB113}.Debug|x64.Build.0 = Debug|Any CPU
		{4F66FB6C-3D8A-4B8B-B411-44DD45FCB113}.Debug|x86.ActiveCfg = Debug|Any CPU
		{4F66FB6C-3D8A-4B8B-B411-44DD45FCB113}.Debug|x86.Build.0 = Debug|Any CPU
		{4F66FB6C-3D8A-4B8B-B411-44DD45FCB113}.Release|Any CPU.ActiveCfg = Release|Any CPU
		{4F66FB6C-3D8A-4B8B-B411-44DD45FCB113}.Release|Any CPU.Build.0 = Release|Any CPU
		{4F66FB6C-3D8A-4B8B-B411-44DD45FCB113}.Release|x64.ActiveCfg = Release|Any CPU
		{4F66FB6C-3D8A-4B8B-B411-44DD45FCB113}.Release|x64.Build.0 = Release|Any CPU
		{4F66FB6C-3D8A-4B8B-B411-44DD45FCB113}.Release|x86.ActiveCfg = Release|Any CPU
		{4F66FB6C-3D8A-4B8B-B411-44DD45FCB113}.Release|x86.Build.0 = Release|Any CPU
	EndGlobalSection
	GlobalSection(SolutionProperties) = preSolution
		HideSolutionNode = FALSE
	EndGlobalSection
	GlobalSection(NestedProjects) = preSolution
		{90298CBA-BD6F-3A0A-69D5-97CAD7B05E7E} = {827E0CD3-B72D-47B6-A68D-7590B98EB39B}
		{BD41EAD0-19A3-4FAC-9953-F879E425C37D} = {90298CBA-BD6F-3A0A-69D5-97CAD7B05E7E}
		{DDCE6DBF-E166-46A3-B052-FE12F618B9F0} = {90298CBA-BD6F-3A0A-69D5-97CAD7B05E7E}
		{609A66DE-00BD-4471-B4F0-A60614F7BB26} = {90298CBA-BD6F-3A0A-69D5-97CAD7B05E7E}
		{40123308-F501-4509-B28F-BF6197417B11} = {90298CBA-BD6F-3A0A-69D5-97CAD7B05E7E}
		{6B66D2B6-C765-459E-AA32-1D78F0D20858} = {90298CBA-BD6F-3A0A-69D5-97CAD7B05E7E}
		{984BB9B3-3FA3-BE33-9484-CAC21695A33C} = {827E0CD3-B72D-47B6-A68D-7590B98EB39B}
		{F5625D22-DF6D-6E20-0384-6B2F7CAD8697} = {984BB9B3-3FA3-BE33-9484-CAC21695A33C}
		{727D0663-1F35-4DCA-B15A-5B078E1C654F} = {F5625D22-DF6D-6E20-0384-6B2F7CAD8697}
		{82ECFA5D-148B-4E8D-B8A0-8665B3723543} = {F5625D22-DF6D-6E20-0384-6B2F7CAD8697}
		{0CFDF7AC-AB00-4337-B9D5-26F90234F6A2} = {F5625D22-DF6D-6E20-0384-6B2F7CAD8697}
		{BA508C09-691E-4566-A693-52BC64DA909E} = {F5625D22-DF6D-6E20-0384-6B2F7CAD8697}
		{CCC9D8BA-DD1E-4BE7-86D8-BDA3AF4AB7CC} = {90298CBA-BD6F-3A0A-69D5-97CAD7B05E7E}
		{C97E4DAC-14CB-4105-9415-EDD0621ECC4F} = {90298CBA-BD6F-3A0A-69D5-97CAD7B05E7E}
		{02EA681E-C7D8-13C7-8484-4AC65E1B71E8} = {827E0CD3-B72D-47B6-A68D-7590B98EB39B}
		{D1599F5E-11AC-4921-98E1-3D35EF554075} = {02EA681E-C7D8-13C7-8484-4AC65E1B71E8}
		{0EB31C34-504F-4CE9-AA7C-DBCCFEB386DD} = {02EA681E-C7D8-13C7-8484-4AC65E1B71E8}
		{05A97812-FA94-4E89-BF74-830D8A9B3780} = {02EA681E-C7D8-13C7-8484-4AC65E1B71E8}
		{AFFDE779-871C-4BB8-B258-2F9D5EA45F3E} = {02EA681E-C7D8-13C7-8484-4AC65E1B71E8}
		{4F66FB6C-3D8A-4B8B-B411-44DD45FCB113} = {F5625D22-DF6D-6E20-0384-6B2F7CAD8697}
		{40E05878-05CF-43DA-9018-5A663A9D1217} = {984BB9B3-3FA3-BE33-9484-CAC21695A33C}
		{351625FD-4AA7-462C-9898-35E7B0D4F3AC} = {984BB9B3-3FA3-BE33-9484-CAC21695A33C}
		{CA13FCDD-C860-4AB1-BF80-DA7DF19A4957} = {984BB9B3-3FA3-BE33-9484-CAC21695A33C}
		{FAC4A6F9-6D84-4304-AF24-E9E36CBFA45F} = {827E0CD3-B72D-47B6-A68D-7590B98EB39B}
		{5B1B4CF3-00F0-4F37-89AB-322059BF706D} = {827E0CD3-B72D-47B6-A68D-7590B98EB39B}
		{7C0C137F-EB49-4E24-B6E3-583DD977B03E} = {FAC4A6F9-6D84-4304-AF24-E9E36CBFA45F}
		{A9556C66-9378-4B0B-AD4B-38E158E619D9} = {FAC4A6F9-6D84-4304-AF24-E9E36CBFA45F}
		{8B3088F2-2357-40E6-9903-FB7E8A2A0135} = {FAC4A6F9-6D84-4304-AF24-E9E36CBFA45F}
		{BE0ABACC-2546-4260-955A-EA717585C80A} = {FAC4A6F9-6D84-4304-AF24-E9E36CBFA45F}
	EndGlobalSection
	GlobalSection(ExtensibilityGlobals) = postSolution
		SolutionGuid = {CE65C5C0-58B5-4BD6-A71B-193C11B7E187}
	EndGlobalSection
EndGlobal
